
Microsoft Visual Studio Solution File, Format Version 12.00
# Visual Studio Version 16
VisualStudioVersion = 16.0.32228.343
MinimumVisualStudioVersion = 10.0.40219.1
Project("{FAE04EC0-301F-11D3-BF4B-00C04F79EFBC}") = "Calendar2_KrutiNayee", "Calendar2_KrutiNayee.csproj", "{3879E413-E062-42D9-ABF6-A913F153059D}"
EndProject
Global
	GlobalSection(SolutionConfigurationPlatforms) = preSolution
		Debug|Any CPU = Debug|Any CPU
		Release|Any CPU = Release|Any CPU
	EndGlobalSection
	GlobalSection(ProjectConfigurationPlatforms) = postSolution
		{3879E413-E062-42D9-ABF6-A913F153059D}.Debug|Any CPU.ActiveCfg = Debug|Any CPU
		{3879E413-E062-42D9-ABF6-A913F153059D}.Debug|Any CPU.Build.0 = Debug|Any CPU
		{3879E413-E062-42D9-ABF6-A913F153059D}.Release|Any CPU.ActiveCfg = Release|Any CPU
		{3879E413-E062-42D9-ABF6-A913F153059D}.Release|Any CPU.Build.0 = Release|Any CPU
	EndGlobalSection
	GlobalSection(SolutionProperties) = preSolution
		HideSolutionNode = FALSE
	EndGlobalSection
	GlobalSection(ExtensibilityGlobals) = postSolution
		SolutionGuid = {759D1B14-7590-48FA-A332-7E1F847B8EE5}
	EndGlobalSection
EndGlobal
