
Microsoft Visual Studio Solution File, Format Version 12.00
# Visual Studio Version 16
VisualStudioVersion = 16.0.32228.343
MinimumVisualStudioVersion = 10.0.40219.1
Project("{FAE04EC0-301F-11D3-BF4B-00C04F79EFBC}") = "Calendar1_KrutiNayee", "Calendar1_KrutiNayee.csproj", "{98253806-A119-482B-BE88-95B40E6D8459}"
EndProject
Global
	GlobalSection(SolutionConfigurationPlatforms) = preSolution
		Debug|Any CPU = Debug|Any CPU
		Release|Any CPU = Release|Any CPU
	EndGlobalSection
	GlobalSection(ProjectConfigurationPlatforms) = postSolution
		{98253806-A119-482B-BE88-95B40E6D8459}.Debug|Any CPU.ActiveCfg = Debug|Any CPU
		{98253806-A119-482B-BE88-95B40E6D8459}.Debug|Any CPU.Build.0 = Debug|Any CPU
		{98253806-A119-482B-BE88-95B40E6D8459}.Release|Any CPU.ActiveCfg = Release|Any CPU
		{98253806-A119-482B-BE88-95B40E6D8459}.Release|Any CPU.Build.0 = Release|Any CPU
	EndGlobalSection
	GlobalSection(SolutionProperties) = preSolution
		HideSolutionNode = FALSE
	EndGlobalSection
	GlobalSection(ExtensibilityGlobals) = postSolution
		SolutionGuid = {56AEBAE7-7A64-441D-B642-6195EF9DBCB1}
	EndGlobalSection
EndGlobal
